// !$*UTF8*$!
{
	archiveVersion = 1;
	classes = {
	};
	objectVersion = 56;
	objects = {

/* Begin PBXBuildFile section */
		633639642A8C493500161E13 /* MovieViewController.swift in Sources */ = {isa = PBXBuildFile; fileRef = 633639632A8C493500161E13 /* MovieViewController.swift */; };
		633639662A8C6E4600161E13 /* MovieResultManager.swift in Sources */ = {isa = PBXBuildFile; fileRef = 633639652A8C6E4600161E13 /* MovieResultManager.swift */; };
		633639682A8C7E0F00161E13 /* MovieInfoModel.swift in Sources */ = {isa = PBXBuildFile; fileRef = 633639672A8C7E0F00161E13 /* MovieInfoModel.swift */; };
		63A7063C2A89C4900086E62D /* GenreViewController.swift in Sources */ = {isa = PBXBuildFile; fileRef = 63A7063B2A89C4900086E62D /* GenreViewController.swift */; };
		63A7063E2A89CDDE0086E62D /* GenresModel.swift in Sources */ = {isa = PBXBuildFile; fileRef = 63A7063D2A89CDDE0086E62D /* GenresModel.swift */; };
		63B3C4E22A8A83FA0017EE05 /* MovieTableViewCell.swift in Sources */ = {isa = PBXBuildFile; fileRef = 63B3C4E02A8A83FA0017EE05 /* MovieTableViewCell.swift */; };
		63B3C4E32A8A83FA0017EE05 /* MovieTableViewCell.xib in Resources */ = {isa = PBXBuildFile; fileRef = 63B3C4E12A8A83FA0017EE05 /* MovieTableViewCell.xib */; };
		63CE0F952A9CC0C90061046C /* SearchViewModel.swift in Sources */ = {isa = PBXBuildFile; fileRef = 63CE0F942A9CC0C90061046C /* SearchViewModel.swift */; };
		63CE0F972A9CC0D80061046C /* MovieViewModel.swift in Sources */ = {isa = PBXBuildFile; fileRef = 63CE0F962A9CC0D80061046C /* MovieViewModel.swift */; };
		63CE0F992A9CC0F80061046C /* GenreViewModel.swift in Sources */ = {isa = PBXBuildFile; fileRef = 63CE0F982A9CC0F80061046C /* GenreViewModel.swift */; };
		63EC0B382A89379500266138 /* AppDelegate.swift in Sources */ = {isa = PBXBuildFile; fileRef = 63EC0B372A89379500266138 /* AppDelegate.swift */; };
		63EC0B3A2A89379500266138 /* SceneDelegate.swift in Sources */ = {isa = PBXBuildFile; fileRef = 63EC0B392A89379500266138 /* SceneDelegate.swift */; };
		63EC0B3C2A89379500266138 /* SearchViewController.swift in Sources */ = {isa = PBXBuildFile; fileRef = 63EC0B3B2A89379500266138 /* SearchViewController.swift */; };
		63EC0B3F2A89379500266138 /* Main.storyboard in Resources */ = {isa = PBXBuildFile; fileRef = 63EC0B3D2A89379500266138 /* Main.storyboard */; };
		63EC0B412A89379A00266138 /* Assets.xcassets in Resources */ = {isa = PBXBuildFile; fileRef = 63EC0B402A89379A00266138 /* Assets.xcassets */; };
		63EC0B442A89379A00266138 /* LaunchScreen.storyboard in Resources */ = {isa = PBXBuildFile; fileRef = 63EC0B422A89379A00266138 /* LaunchScreen.storyboard */; };
		63EC0B4F2A893F3D00266138 /* SearchResultModel.swift in Sources */ = {isa = PBXBuildFile; fileRef = 63EC0B4E2A893F3D00266138 /* SearchResultModel.swift */; };
		63EC0B512A89639400266138 /* ResultsManager.swift in Sources */ = {isa = PBXBuildFile; fileRef = 63EC0B502A89639400266138 /* ResultsManager.swift */; };
		63EC0B532A897ADF00266138 /* MovieCellModel.swift in Sources */ = {isa = PBXBuildFile; fileRef = 63EC0B522A897ADF00266138 /* MovieCellModel.swift */; };
/* End PBXBuildFile section */

/* Begin PBXFileReference section */
		633639632A8C493500161E13 /* MovieViewController.swift */ = {isa = PBXFileReference; lastKnownFileType = sourcecode.swift; path = MovieViewController.swift; sourceTree = "<group>"; };
		633639652A8C6E4600161E13 /* MovieResultManager.swift */ = {isa = PBXFileReference; lastKnownFileType = sourcecode.swift; path = MovieResultManager.swift; sourceTree = "<group>"; };
		633639672A8C7E0F00161E13 /* MovieInfoModel.swift */ = {isa = PBXFileReference; lastKnownFileType = sourcecode.swift; path = MovieInfoModel.swift; sourceTree = "<group>"; };
		63A7063B2A89C4900086E62D /* GenreViewController.swift */ = {isa = PBXFileReference; lastKnownFileType = sourcecode.swift; path = GenreViewController.swift; sourceTree = "<group>"; };
		63A7063D2A89CDDE0086E62D /* GenresModel.swift */ = {isa = PBXFileReference; lastKnownFileType = sourcecode.swift; path = GenresModel.swift; sourceTree = "<group>"; };
		63B3C4E02A8A83FA0017EE05 /* MovieTableViewCell.swift */ = {isa = PBXFileReference; lastKnownFileType = sourcecode.swift; path = MovieTableViewCell.swift; sourceTree = "<group>"; };
		63B3C4E12A8A83FA0017EE05 /* MovieTableViewCell.xib */ = {isa = PBXFileReference; lastKnownFileType = file.xib; path = MovieTableViewCell.xib; sourceTree = "<group>"; };
		63CE0F942A9CC0C90061046C /* SearchViewModel.swift */ = {isa = PBXFileReference; lastKnownFileType = sourcecode.swift; path = SearchViewModel.swift; sourceTree = "<group>"; };
		63CE0F962A9CC0D80061046C /* MovieViewModel.swift */ = {isa = PBXFileReference; lastKnownFileType = sourcecode.swift; path = MovieViewModel.swift; sourceTree = "<group>"; };
		63CE0F982A9CC0F80061046C /* GenreViewModel.swift */ = {isa = PBXFileReference; lastKnownFileType = sourcecode.swift; path = GenreViewModel.swift; sourceTree = "<group>"; };
		63EC0B342A89379500266138 /* MovieAPI.app */ = {isa = PBXFileReference; explicitFileType = wrapper.application; includeInIndex = 0; path = MovieAPI.app; sourceTree = BUILT_PRODUCTS_DIR; };
		63EC0B372A89379500266138 /* AppDelegate.swift */ = {isa = PBXFileReference; lastKnownFileType = sourcecode.swift; path = AppDelegate.swift; sourceTree = "<group>"; };
		63EC0B392A89379500266138 /* SceneDelegate.swift */ = {isa = PBXFileReference; lastKnownFileType = sourcecode.swift; path = SceneDelegate.swift; sourceTree = "<group>"; };
		63EC0B3B2A89379500266138 /* SearchViewController.swift */ = {isa = PBXFileReference; lastKnownFileType = sourcecode.swift; path = SearchViewController.swift; sourceTree = "<group>"; };
		63EC0B3E2A89379500266138 /* Base */ = {isa = PBXFileReference; lastKnownFileType = file.storyboard; name = Base; path = Base.lproj/Main.storyboard; sourceTree = "<group>"; };
		63EC0B402A89379A00266138 /* Assets.xcassets */ = {isa = PBXFileReference; lastKnownFileType = folder.assetcatalog; path = Assets.xcassets; sourceTree = "<group>"; };
		63EC0B432A89379A00266138 /* Base */ = {isa = PBXFileReference; lastKnownFileType = file.storyboard; name = Base; path = Base.lproj/LaunchScreen.storyboard; sourceTree = "<group>"; };
		63EC0B452A89379A00266138 /* Info.plist */ = {isa = PBXFileReference; lastKnownFileType = text.plist.xml; path = Info.plist; sourceTree = "<group>"; };
		63EC0B4E2A893F3D00266138 /* SearchResultModel.swift */ = {isa = PBXFileReference; lastKnownFileType = sourcecode.swift; path = SearchResultModel.swift; sourceTree = "<group>"; };
		63EC0B502A89639400266138 /* ResultsManager.swift */ = {isa = PBXFileReference; lastKnownFileType = sourcecode.swift; path = ResultsManager.swift; sourceTree = "<group>"; };
		63EC0B522A897ADF00266138 /* MovieCellModel.swift */ = {isa = PBXFileReference; lastKnownFileType = sourcecode.swift; name = MovieCellModel.swift; path = ../../../../../Downloads/MovieCellModel.swift; sourceTree = "<group>"; };
/* End PBXFileReference section */

/* Begin PBXFrameworksBuildPhase section */
		63EC0B312A89379500266138 /* Frameworks */ = {
			isa = PBXFrameworksBuildPhase;
			buildActionMask = 2147483647;
			files = (
			);
			runOnlyForDeploymentPostprocessing = 0;
		};
/* End PBXFrameworksBuildPhase section */

/* Begin PBXGroup section */
		63CE0F932A9CC0770061046C /* ViewModel */ = {
			isa = PBXGroup;
			children = (
				63CE0F942A9CC0C90061046C /* SearchViewModel.swift */,
				63CE0F962A9CC0D80061046C /* MovieViewModel.swift */,
				63CE0F982A9CC0F80061046C /* GenreViewModel.swift */,
			);
			path = ViewModel;
			sourceTree = "<group>";
		};
		63EC0B2B2A89379500266138 = {
			isa = PBXGroup;
			children = (
				63EC0B362A89379500266138 /* MovieAPI */,
				63EC0B352A89379500266138 /* Products */,
			);
			sourceTree = "<group>";
		};
		63EC0B352A89379500266138 /* Products */ = {
			isa = PBXGroup;
			children = (
				63EC0B342A89379500266138 /* MovieAPI.app */,
			);
			name = Products;
			sourceTree = "<group>";
		};
		63EC0B362A89379500266138 /* MovieAPI */ = {
			isa = PBXGroup;
			children = (
				63CE0F932A9CC0770061046C /* ViewModel */,
				63EC0B4B2A8937B400266138 /* Model */,
				63EC0B4C2A8937B900266138 /* View */,
				63EC0B4D2A8937BE00266138 /* Controller */,
				63EC0B372A89379500266138 /* AppDelegate.swift */,
				63EC0B392A89379500266138 /* SceneDelegate.swift */,
				63EC0B402A89379A00266138 /* Assets.xcassets */,
				63EC0B422A89379A00266138 /* LaunchScreen.storyboard */,
				63EC0B452A89379A00266138 /* Info.plist */,
			);
			path = MovieAPI;
			sourceTree = "<group>";
		};
		63EC0B4B2A8937B400266138 /* Model */ = {
			isa = PBXGroup;
			children = (
				63EC0B4E2A893F3D00266138 /* SearchResultModel.swift */,
				63EC0B502A89639400266138 /* ResultsManager.swift */,
				63EC0B522A897ADF00266138 /* MovieCellModel.swift */,
				63A7063D2A89CDDE0086E62D /* GenresModel.swift */,
				633639652A8C6E4600161E13 /* MovieResultManager.swift */,
				633639672A8C7E0F00161E13 /* MovieInfoModel.swift */,
			);
			path = Model;
			sourceTree = "<group>";
		};
		63EC0B4C2A8937B900266138 /* View */ = {
			isa = PBXGroup;
			children = (
				63EC0B3D2A89379500266138 /* Main.storyboard */,
				63B3C4E02A8A83FA0017EE05 /* MovieTableViewCell.swift */,
				63B3C4E12A8A83FA0017EE05 /* MovieTableViewCell.xib */,
			);
			path = View;
			sourceTree = "<group>";
		};
		63EC0B4D2A8937BE00266138 /* Controller */ = {
			isa = PBXGroup;
			children = (
				63EC0B3B2A89379500266138 /* SearchViewController.swift */,
				63A7063B2A89C4900086E62D /* GenreViewController.swift */,
				633639632A8C493500161E13 /* MovieViewController.swift */,
			);
			path = Controller;
			sourceTree = "<group>";
		};
/* End PBXGroup section */

/* Begin PBXNativeTarget section */
		63EC0B332A89379500266138 /* MovieAPI */ = {
			isa = PBXNativeTarget;
			buildConfigurationList = 63EC0B482A89379A00266138 /* Build configuration list for PBXNativeTarget "MovieAPI" */;
			buildPhases = (
				63EC0B302A89379500266138 /* Sources */,
				63EC0B312A89379500266138 /* Frameworks */,
				63EC0B322A89379500266138 /* Resources */,
			);
			buildRules = (
			);
			dependencies = (
			);
			name = MovieAPI;
			productName = MovieAPI;
			productReference = 63EC0B342A89379500266138 /* MovieAPI.app */;
			productType = "com.apple.product-type.application";
		};
/* End PBXNativeTarget section */

/* Begin PBXProject section */
		63EC0B2C2A89379500266138 /* Project object */ = {
			isa = PBXProject;
			attributes = {
				BuildIndependentTargetsInParallel = 1;
				LastSwiftUpdateCheck = 1430;
				LastUpgradeCheck = 1430;
				TargetAttributes = {
					63EC0B332A89379500266138 = {
						CreatedOnToolsVersion = 14.3.1;
					};
				};
			};
			buildConfigurationList = 63EC0B2F2A89379500266138 /* Build configuration list for PBXProject "MovieAPI" */;
			compatibilityVersion = "Xcode 14.0";
			developmentRegion = en;
			hasScannedForEncodings = 0;
			knownRegions = (
				en,
				Base,
			);
			mainGroup = 63EC0B2B2A89379500266138;
			productRefGroup = 63EC0B352A89379500266138 /* Products */;
			projectDirPath = "";
			projectRoot = "";
			targets = (
				63EC0B332A89379500266138 /* MovieAPI */,
			);
		};
/* End PBXProject section */

/* Begin PBXResourcesBuildPhase section */
		63EC0B322A89379500266138 /* Resources */ = {
			isa = PBXResourcesBuildPhase;
			buildActionMask = 2147483647;
			files = (
				63EC0B442A89379A00266138 /* LaunchScreen.storyboard in Resources */,
				63EC0B412A89379A00266138 /* Assets.xcassets in Resources */,
				63B3C4E32A8A83FA0017EE05 /* MovieTableViewCell.xib in Resources */,
				63EC0B3F2A89379500266138 /* Main.storyboard in Resources */,
			);
			runOnlyForDeploymentPostprocessing = 0;
		};
/* End PBXResourcesBuildPhase section */

/* Begin PBXSourcesBuildPhase section */
		63EC0B302A89379500266138 /* Sources */ = {
			isa = PBXSourcesBuildPhase;
			buildActionMask = 2147483647;
			files = (
				633639662A8C6E4600161E13 /* MovieResultManager.swift in Sources */,
				63A7063C2A89C4900086E62D /* GenreViewController.swift in Sources */,
				633639642A8C493500161E13 /* MovieViewController.swift in Sources */,
				63A7063E2A89CDDE0086E62D /* GenresModel.swift in Sources */,
				63B3C4E22A8A83FA0017EE05 /* MovieTableViewCell.swift in Sources */,
				63CE0F972A9CC0D80061046C /* MovieViewModel.swift in Sources */,
				63CE0F952A9CC0C90061046C /* SearchViewModel.swift in Sources */,
				63CE0F992A9CC0F80061046C /* GenreViewModel.swift in Sources */,
				63EC0B4F2A893F3D00266138 /* SearchResultModel.swift in Sources */,
				63EC0B3C2A89379500266138 /* SearchViewController.swift in Sources */,
				63EC0B532A897ADF00266138 /* MovieCellModel.swift in Sources */,
				633639682A8C7E0F00161E13 /* MovieInfoModel.swift in Sources */,
				63EC0B382A89379500266138 /* AppDelegate.swift in Sources */,
				63EC0B512A89639400266138 /* ResultsManager.swift in Sources */,
				63EC0B3A2A89379500266138 /* SceneDelegate.swift in Sources */,
			);
			runOnlyForDeploymentPostprocessing = 0;
		};
/* End PBXSourcesBuildPhase section */

/* Begin PBXVariantGroup section */
		63EC0B3D2A89379500266138 /* Main.storyboard */ = {
			isa = PBXVariantGroup;
			children = (
				63EC0B3E2A89379500266138 /* Base */,
			);
			name = Main.storyboard;
			sourceTree = "<group>";
		};
		63EC0B422A89379A00266138 /* LaunchScreen.storyboard */ = {
			isa = PBXVariantGroup;
			children = (
				63EC0B432A89379A00266138 /* Base */,
			);
			name = LaunchScreen.storyboard;
			sourceTree = "<group>";
		};
/* End PBXVariantGroup section */

/* Begin XCBuildConfiguration section */
		63EC0B462A89379A00266138 /* Debug */ = {
			isa = XCBuildConfiguration;
			buildSettings = {
				ALWAYS_SEARCH_USER_PATHS = NO;
				CLANG_ANALYZER_NONNULL = YES;
				CLANG_ANALYZER_NUMBER_OBJECT_CONVERSION = YES_AGGRESSIVE;
				CLANG_CXX_LANGUAGE_STANDARD = "gnu++20";
				CLANG_ENABLE_MODULES = YES;
				CLANG_ENABLE_OBJC_ARC = YES;
				CLANG_ENABLE_OBJC_WEAK = YES;
				CLANG_WARN_BLOCK_CAPTURE_AUTORELEASING = YES;
				CLANG_WARN_BOOL_CONVERSION = YES;
				CLANG_WARN_COMMA = YES;
				CLANG_WARN_CONSTANT_CONVERSION = YES;
				CLANG_WARN_DEPRECATED_OBJC_IMPLEMENTATIONS = YES;
				CLANG_WARN_DIRECT_OBJC_ISA_USAGE = YES_ERROR;
				CLANG_WARN_DOCUMENTATION_COMMENTS = YES;
				CLANG_WARN_EMPTY_BODY = YES;
				CLANG_WARN_ENUM_CONVERSION = YES;
				CLANG_WARN_INFINITE_RECURSION = YES;
				CLANG_WARN_INT_CONVERSION = YES;
				CLANG_WARN_NON_LITERAL_NULL_CONVERSION = YES;
				CLANG_WARN_OBJC_IMPLICIT_RETAIN_SELF = YES;
				CLANG_WARN_OBJC_LITERAL_CONVERSION = YES;
				CLANG_WARN_OBJC_ROOT_CLASS = YES_ERROR;
				CLANG_WARN_QUOTED_INCLUDE_IN_FRAMEWORK_HEADER = YES;
				CLANG_WARN_RANGE_LOOP_ANALYSIS = YES;
				CLANG_WARN_STRICT_PROTOTYPES = YES;
				CLANG_WARN_SUSPICIOUS_MOVE = YES;
				CLANG_WARN_UNGUARDED_AVAILABILITY = YES_AGGRESSIVE;
				CLANG_WARN_UNREACHABLE_CODE = YES;
				CLANG_WARN__DUPLICATE_METHOD_MATCH = YES;
				COPY_PHASE_STRIP = NO;
				DEBUG_INFORMATION_FORMAT = dwarf;
				ENABLE_STRICT_OBJC_MSGSEND = YES;
				ENABLE_TESTABILITY = YES;
				GCC_C_LANGUAGE_STANDARD = gnu11;
				GCC_DYNAMIC_NO_PIC = NO;
				GCC_NO_COMMON_BLOCKS = YES;
				GCC_OPTIMIZATION_LEVEL = 0;
				GCC_PREPROCESSOR_DEFINITIONS = (
					"DEBUG=1",
					"$(inherited)",
				);
				GCC_WARN_64_TO_32_BIT_CONVERSION = YES;
				GCC_WARN_ABOUT_RETURN_TYPE = YES_ERROR;
				GCC_WARN_UNDECLARED_SELECTOR = YES;
				GCC_WARN_UNINITIALIZED_AUTOS = YES_AGGRESSIVE;
				GCC_WARN_UNUSED_FUNCTION = YES;
				GCC_WARN_UNUSED_VARIABLE = YES;
				IPHONEOS_DEPLOYMENT_TARGET = 16.4;
				MTL_ENABLE_DEBUG_INFO = INCLUDE_SOURCE;
				MTL_FAST_MATH = YES;
				ONLY_ACTIVE_ARCH = YES;
				SDKROOT = iphoneos;
				SWIFT_ACTIVE_COMPILATION_CONDITIONS = DEBUG;
				SWIFT_OPTIMIZATION_LEVEL = "-Onone";
			};
			name = Debug;
		};
		63EC0B472A89379A00266138 /* Release */ = {
			isa = XCBuildConfiguration;
			buildSettings = {
				ALWAYS_SEARCH_USER_PATHS = NO;
				CLANG_ANALYZER_NONNULL = YES;
				CLANG_ANALYZER_NUMBER_OBJECT_CONVERSION = YES_AGGRESSIVE;
				CLANG_CXX_LANGUAGE_STANDARD = "gnu++20";
				CLANG_ENABLE_MODULES = YES;
				CLANG_ENABLE_OBJC_ARC = YES;
				CLANG_ENABLE_OBJC_WEAK = YES;
				CLANG_WARN_BLOCK_CAPTURE_AUTORELEASING = YES;
				CLANG_WARN_BOOL_CONVERSION = YES;
				CLANG_WARN_COMMA = YES;
				CLANG_WARN_CONSTANT_CONVERSION = YES;
				CLANG_WARN_DEPRECATED_OBJC_IMPLEMENTATIONS = YES;
				CLANG_WARN_DIRECT_OBJC_ISA_USAGE = YES_ERROR;
				CLANG_WARN_DOCUMENTATION_COMMENTS = YES;
				CLANG_WARN_EMPTY_BODY = YES;
				CLANG_WARN_ENUM_CONVERSION = YES;
				CLANG_WARN_INFINITE_RECURSION = YES;
				CLANG_WARN_INT_CONVERSION = YES;
				CLANG_WARN_NON_LITERAL_NULL_CONVERSION = YES;
				CLANG_WARN_OBJC_IMPLICIT_RETAIN_SELF = YES;
				CLANG_WARN_OBJC_LITERAL_CONVERSION = YES;
				CLANG_WARN_OBJC_ROOT_CLASS = YES_ERROR;
				CLANG_WARN_QUOTED_INCLUDE_IN_FRAMEWORK_HEADER = YES;
				CLANG_WARN_RANGE_LOOP_ANALYSIS = YES;
				CLANG_WARN_STRICT_PROTOTYPES = YES;
				CLANG_WARN_SUSPICIOUS_MOVE = YES;
				CLANG_WARN_UNGUARDED_AVAILABILITY = YES_AGGRESSIVE;
				CLANG_WARN_UNREACHABLE_CODE = YES;
				CLANG_WARN__DUPLICATE_METHOD_MATCH = YES;
				COPY_PHASE_STRIP = NO;
				DEBUG_INFORMATION_FORMAT = "dwarf-with-dsym";
				ENABLE_NS_ASSERTIONS = NO;
				ENABLE_STRICT_OBJC_MSGSEND = YES;
				GCC_C_LANGUAGE_STANDARD = gnu11;
				GCC_NO_COMMON_BLOCKS = YES;
				GCC_WARN_64_TO_32_BIT_CONVERSION = YES;
				GCC_WARN_ABOUT_RETURN_TYPE = YES_ERROR;
				GCC_WARN_UNDECLARED_SELECTOR = YES;
				GCC_WARN_UNINITIALIZED_AUTOS = YES_AGGRESSIVE;
				GCC_WARN_UNUSED_FUNCTION = YES;
				GCC_WARN_UNUSED_VARIABLE = YES;
				IPHONEOS_DEPLOYMENT_TARGET = 16.4;
				MTL_ENABLE_DEBUG_INFO = NO;
				MTL_FAST_MATH = YES;
				SDKROOT = iphoneos;
				SWIFT_COMPILATION_MODE = wholemodule;
				SWIFT_OPTIMIZATION_LEVEL = "-O";
				VALIDATE_PRODUCT = YES;
			};
			name = Release;
		};
		63EC0B492A89379A00266138 /* Debug */ = {
			isa = XCBuildConfiguration;
			buildSettings = {
				ASSETCATALOG_COMPILER_APPICON_NAME = AppIcon;
				ASSETCATALOG_COMPILER_GLOBAL_ACCENT_COLOR_NAME = AccentColor;
				CODE_SIGN_STYLE = Automatic;
				CURRENT_PROJECT_VERSION = 1;
				DEVELOPMENT_TEAM = ZRFHZ838GY;
				GENERATE_INFOPLIST_FILE = YES;
				INFOPLIST_FILE = MovieAPI/Info.plist;
				INFOPLIST_KEY_UIApplicationSupportsIndirectInputEvents = YES;
				INFOPLIST_KEY_UILaunchStoryboardName = LaunchScreen;
				INFOPLIST_KEY_UIMainStoryboardFile = Main;
				INFOPLIST_KEY_UISupportedInterfaceOrientations_iPad = "UIInterfaceOrientationPortrait UIInterfaceOrientationPortraitUpsideDown UIInterfaceOrientationLandscapeLeft UIInterfaceOrientationLandscapeRight";
				INFOPLIST_KEY_UISupportedInterfaceOrientations_iPhone = "UIInterfaceOrientationPortrait UIInterfaceOrientationLandscapeLeft UIInterfaceOrientationLandscapeRight";
				LD_RUNPATH_SEARCH_PATHS = (
					"$(inherited)",
					"@executable_path/Frameworks",
				);
				MARKETING_VERSION = 1.0;
				PRODUCT_BUNDLE_IDENTIFIER = com.SimplyDev.MovieAPI;
				PRODUCT_NAME = "$(TARGET_NAME)";
				SWIFT_EMIT_LOC_STRINGS = YES;
				SWIFT_VERSION = 5.0;
				TARGETED_DEVICE_FAMILY = "1,2";
			};
			name = Debug;
		};
		63EC0B4A2A89379A00266138 /* Release */ = {
			isa = XCBuildConfiguration;
			buildSettings = {
				ASSETCATALOG_COMPILER_APPICON_NAME = AppIcon;
				ASSETCATALOG_COMPILER_GLOBAL_ACCENT_COLOR_NAME = AccentColor;
				CODE_SIGN_STYLE = Automatic;
				CURRENT_PROJECT_VERSION = 1;
				DEVELOPMENT_TEAM = ZRFHZ838GY;
				GENERATE_INFOPLIST_FILE = YES;
				INFOPLIST_FILE = MovieAPI/Info.plist;
				INFOPLIST_KEY_UIApplicationSupportsIndirectInputEvents = YES;
				INFOPLIST_KEY_UILaunchStoryboardName = LaunchScreen;
				INFOPLIST_KEY_UIMainStoryboardFile = Main;
				INFOPLIST_KEY_UISupportedInterfaceOrientations_iPad = "UIInterfaceOrientationPortrait UIInterfaceOrientationPortraitUpsideDown UIInterfaceOrientationLandscapeLeft UIInterfaceOrientationLandscapeRight";
				INFOPLIST_KEY_UISupportedInterfaceOrientations_iPhone = "UIInterfaceOrientationPortrait UIInterfaceOrientationLandscapeLeft UIInterfaceOrientationLandscapeRight";
				LD_RUNPATH_SEARCH_PATHS = (
					"$(inherited)",
					"@executable_path/Frameworks",
				);
				MARKETING_VERSION = 1.0;
				PRODUCT_BUNDLE_IDENTIFIER = com.SimplyDev.MovieAPI;
				PRODUCT_NAME = "$(TARGET_NAME)";
				SWIFT_EMIT_LOC_STRINGS = YES;
				SWIFT_VERSION = 5.0;
				TARGETED_DEVICE_FAMILY = "1,2";
			};
			name = Release;
		};
/* End XCBuildConfiguration section */

/* Begin XCConfigurationList section */
		63EC0B2F2A89379500266138 /* Build configuration list for PBXProject "MovieAPI" */ = {
			isa = XCConfigurationList;
			buildConfigurations = (
				63EC0B462A89379A00266138 /* Debug */,
				63EC0B472A89379A00266138 /* Release */,
			);
			defaultConfigurationIsVisible = 0;
			defaultConfigurationName = Release;
		};
		63EC0B482A89379A00266138 /* Build configuration list for PBXNativeTarget "MovieAPI" */ = {
			isa = XCConfigurationList;
			buildConfigurations = (
				63EC0B492A89379A00266138 /* Debug */,
				63EC0B4A2A89379A00266138 /* Release */,
			);
			defaultConfigurationIsVisible = 0;
			defaultConfigurationName = Release;
		};
/* End XCConfigurationList section */
	};
	rootObject = 63EC0B2C2A89379500266138 /* Project object */;
}
